
Microsoft Visual Studio Solution File, Format Version 12.00
# Visual Studio Version 17
VisualStudioVersion = 17.8.34525.116
MinimumVisualStudioVersion = 10.0.40219.1
Project("{FAE04EC0-301F-11D3-BF4B-00C04F79EFBC}") = "AuthExample.api", "AuthExample.api\AuthExample.api.csproj", "{79A5F4F9-2CC5-43BE-8099-0812026131F4}"
EndProject
Project("{FAE04EC0-301F-11D3-BF4B-00C04F79EFBC}") = "AuthExample.application", "AuthExample.application\AuthExample.application.csproj", "{C6B8CE6B-D041-4ADD-9B34-9018A96AA0EA}"
EndProject
Project("{FAE04EC0-301F-11D3-BF4B-00C04F79EFBC}") = "AuthExample.domain", "AuthExample.domain\AuthExample.domain.csproj", "{B6FE3051-ACE4-4264-98AF-B2A5643F4850}"
EndProject
Global
	GlobalSection(SolutionConfigurationPlatforms) = preSolution
		Debug|Any CPU = Debug|Any CPU
		Release|Any CPU = Release|Any CPU
	EndGlobalSection
	GlobalSection(ProjectConfigurationPlatforms) = postSolution
		{79A5F4F9-2CC5-43BE-8099-0812026131F4}.Debug|Any CPU.ActiveCfg = Debug|Any CPU
		{79A5F4F9-2CC5-43BE-8099-0812026131F4}.Debug|Any CPU.Build.0 = Debug|Any CPU
		{79A5F4F9-2CC5-43BE-8099-0812026131F4}.Release|Any CPU.ActiveCfg = Release|Any CPU
		{79A5F4F9-2CC5-43BE-8099-0812026131F4}.Release|Any CPU.Build.0 = Release|Any CPU
		{C6B8CE6B-D041-4ADD-9B34-9018A96AA0EA}.Debug|Any CPU.ActiveCfg = Debug|Any CPU
		{C6B8CE6B-D041-4ADD-9B34-9018A96AA0EA}.Debug|Any CPU.Build.0 = Debug|Any CPU
		{C6B8CE6B-D041-4ADD-9B34-9018A96AA0EA}.Release|Any CPU.ActiveCfg = Release|Any CPU
		{C6B8CE6B-D041-4ADD-9B34-9018A96AA0EA}.Release|Any CPU.Build.0 = Release|Any CPU
		{B6FE3051-ACE4-4264-98AF-B2A5643F4850}.Debug|Any CPU.ActiveCfg = Debug|Any CPU
		{B6FE3051-ACE4-4264-98AF-B2A5643F4850}.Debug|Any CPU.Build.0 = Debug|Any CPU
		{B6FE3051-ACE4-4264-98AF-B2A5643F4850}.Release|Any CPU.ActiveCfg = Release|Any CPU
		{B6FE3051-ACE4-4264-98AF-B2A5643F4850}.Release|Any CPU.Build.0 = Release|Any CPU
	EndGlobalSection
	GlobalSection(SolutionProperties) = preSolution
		HideSolutionNode = FALSE
	EndGlobalSection
	GlobalSection(ExtensibilityGlobals) = postSolution
		SolutionGuid = {4E910542-1197-4088-9B32-2B170440BD9D}
	EndGlobalSection
EndGlobal
